
Microsoft Visual Studio Solution File, Format Version 11.00
# Visual Studio 2010
Project("{656346D9-4656-40DA-A068-22D5425D4639}") = "Echoes", "Echoes.oxygene", "{7891B618-21D1-4CA9-A530-EEC2D6AFE15A}"
EndProject
Project("{656346D9-4656-40DA-A068-22D5425D4639}") = "RemObjects.Oxygene.Dynamic.Test", "..\..\Test\RemObjects.Oxygene.Dynamic.Test\RemObjects.Oxygene.Dynamic.Test.oxygene", "{C5CA4D9B-884D-4C88-8974-CEC6FCE3F362}"
EndProject
Global
	GlobalSection(SolutionConfigurationPlatforms) = preSolution
		Debug|Any CPU = Debug|Any CPU
		Release|Any CPU = Release|Any CPU
	EndGlobalSection
	GlobalSection(ProjectConfigurationPlatforms) = postSolution
		{7891B618-21D1-4CA9-A530-EEC2D6AFE15A}.Debug|Any CPU.ActiveCfg = Debug
		{7891B618-21D1-4CA9-A530-EEC2D6AFE15A}.Debug|Any CPU.Build.0 = Debug
		{7891B618-21D1-4CA9-A530-EEC2D6AFE15A}.Release|Any CPU.ActiveCfg = Release
		{7891B618-21D1-4CA9-A530-EEC2D6AFE15A}.Release|Any CPU.Build.0 = Release
		{C5CA4D9B-884D-4C88-8974-CEC6FCE3F362}.Debug|Any CPU.ActiveCfg = Debug|<N/A>
		{C5CA4D9B-884D-4C88-8974-CEC6FCE3F362}.Debug|Any CPU.Build.0 = Debug|<N/A>
		{C5CA4D9B-884D-4C88-8974-CEC6FCE3F362}.Release|Any CPU.ActiveCfg = Release|AnyCPU
	EndGlobalSection
	GlobalSection(SolutionProperties) = preSolution
		HideSolutionNode = FALSE
	EndGlobalSection
EndGlobal
